<?xml version="1.0" encoding="utf-8"?>
<Project ToolsVersion="4.0" xmlns="http://schemas.microsoft.com/developer/msbuild/2003">
  <ItemGroup>
    <ClCompile Include="BTScaner.cpp" />
    <ClCompile Include="..\jni\jnienv.cpp">
      <Filter>jni</Filter>
    </ClCompile>
    <ClCompile Include="AddInNative.cpp" />
    <ClCompile Include="ConversionWchar.cpp" />
  </ItemGroup>
  <ItemGroup>
    <ClInclude Include="BTScaner.h" />
    <ClInclude Include="pch.h" />
    <ClInclude Include="..\include\AddInDefBase.h">
      <Filter>include</Filter>
    </ClInclude>
    <ClInclude Include="..\include\addinlib.h">
      <Filter>include</Filter>
    </ClInclude>
    <ClInclude Include="..\include\com.h">
      <Filter>include</Filter>
    </ClInclude>
    <ClInclude Include="..\include\ComponentBase.h">
      <Filter>include</Filter>
    </ClInclude>
    <ClInclude Include="..\include\IAndroidComponentHelper.h">
      <Filter>include</Filter>
    </ClInclude>
    <ClInclude Include="..\include\IMemoryManager.h">
      <Filter>include</Filter>
    </ClInclude>
    <ClInclude Include="..\include\mobile.h">
      <Filter>include</Filter>
    </ClInclude>
    <ClInclude Include="..\include\types.h">
      <Filter>include</Filter>
    </ClInclude>
    <ClInclude Include="..\jni\jnienv.h">
      <Filter>jni</Filter>
    </ClInclude>
    <ClInclude Include="AddInNative.h" />
    <ClInclude Include="ConversionWchar.h" />
  </ItemGroup>
  <ItemGroup>
    <Filter Include="include">
      <UniqueIdentifier>{1710a7ae-5df1-46a6-b760-c1f0dbfaf475}</UniqueIdentifier>
    </Filter>
    <Filter Include="jni">
      <UniqueIdentifier>{60a6c634-636c-4def-875b-b50a04f0ee9c}</UniqueIdentifier>
    </Filter>
  </ItemGroup>
</Project>